
Microsoft Visual Studio Solution File, Format Version 12.00
# Visual Studio Version 17
VisualStudioVersion = 17.13.35818.85 d17.13
MinimumVisualStudioVersion = 10.0.40219.1
Project("{FAE04EC0-301F-11D3-BF4B-00C04F79EFBC}") = "Hw2", "Hw2\Hw2.csproj", "{625BEB9B-8A05-48C0-B202-74ADDEEB788D}"
EndProject
Global
	GlobalSection(SolutionConfigurationPlatforms) = preSolution
		Debug|Any CPU = Debug|Any CPU
		Release|Any CPU = Release|Any CPU
	EndGlobalSection
	GlobalSection(ProjectConfigurationPlatforms) = postSolution
		{625BEB9B-8A05-48C0-B202-74ADDEEB788D}.Debug|Any CPU.ActiveCfg = Debug|Any CPU
		{625BEB9B-8A05-48C0-B202-74ADDEEB788D}.Debug|Any CPU.Build.0 = Debug|Any CPU
		{625BEB9B-8A05-48C0-B202-74ADDEEB788D}.Release|Any CPU.ActiveCfg = Release|Any CPU
		{625BEB9B-8A05-48C0-B202-74ADDEEB788D}.Release|Any CPU.Build.0 = Release|Any CPU
	EndGlobalSection
	GlobalSection(SolutionProperties) = preSolution
		HideSolutionNode = FALSE
	EndGlobalSection
	GlobalSection(ExtensibilityGlobals) = postSolution
		SolutionGuid = {F1762A6E-8A4A-4849-8CBA-3FCD93D79927}
	EndGlobalSection
EndGlobal
