
Microsoft Visual Studio Solution File, Format Version 12.00
# Visual Studio Version 17
VisualStudioVersion = 17.13.35818.85 d17.13
MinimumVisualStudioVersion = 10.0.40219.1
Project("{FAE04EC0-301F-11D3-BF4B-00C04F79EFBC}") = "Hw14", "Hw14\Hw14.csproj", "{7653B060-91D3-40AD-8795-C309EDB2FD52}"
EndProject
Global
	GlobalSection(SolutionConfigurationPlatforms) = preSolution
		Debug|Any CPU = Debug|Any CPU
		Release|Any CPU = Release|Any CPU
	EndGlobalSection
	GlobalSection(ProjectConfigurationPlatforms) = postSolution
		{7653B060-91D3-40AD-8795-C309EDB2FD52}.Debug|Any CPU.ActiveCfg = Debug|Any CPU
		{7653B060-91D3-40AD-8795-C309EDB2FD52}.Debug|Any CPU.Build.0 = Debug|Any CPU
		{7653B060-91D3-40AD-8795-C309EDB2FD52}.Release|Any CPU.ActiveCfg = Release|Any CPU
		{7653B060-91D3-40AD-8795-C309EDB2FD52}.Release|Any CPU.Build.0 = Release|Any CPU
	EndGlobalSection
	GlobalSection(SolutionProperties) = preSolution
		HideSolutionNode = FALSE
	EndGlobalSection
	GlobalSection(ExtensibilityGlobals) = postSolution
		SolutionGuid = {7663D75C-B80A-4352-8D5B-2010374D0025}
	EndGlobalSection
EndGlobal
