
Microsoft Visual Studio Solution File, Format Version 12.00
# Visual Studio Version 17
VisualStudioVersion = 17.13.35818.85 d17.13
MinimumVisualStudioVersion = 10.0.40219.1
Project("{FAE04EC0-301F-11D3-BF4B-00C04F79EFBC}") = "Hw9", "Hw9\Hw9.csproj", "{DEA23034-8B5A-457A-AD12-4EEA1BD33CB0}"
EndProject
Global
	GlobalSection(SolutionConfigurationPlatforms) = preSolution
		Debug|Any CPU = Debug|Any CPU
		Release|Any CPU = Release|Any CPU
	EndGlobalSection
	GlobalSection(ProjectConfigurationPlatforms) = postSolution
		{DEA23034-8B5A-457A-AD12-4EEA1BD33CB0}.Debug|Any CPU.ActiveCfg = Debug|Any CPU
		{DEA23034-8B5A-457A-AD12-4EEA1BD33CB0}.Debug|Any CPU.Build.0 = Debug|Any CPU
		{DEA23034-8B5A-457A-AD12-4EEA1BD33CB0}.Release|Any CPU.ActiveCfg = Release|Any CPU
		{DEA23034-8B5A-457A-AD12-4EEA1BD33CB0}.Release|Any CPU.Build.0 = Release|Any CPU
	EndGlobalSection
	GlobalSection(SolutionProperties) = preSolution
		HideSolutionNode = FALSE
	EndGlobalSection
	GlobalSection(ExtensibilityGlobals) = postSolution
		SolutionGuid = {7994040A-ABEC-4AA6-AD95-05F05E8CA075}
	EndGlobalSection
EndGlobal
